{
  "name": "mini-blog-site",
  "lockfileVersion": 2,
  "requires": true,
  "packages": {
    "": {
      "dependencies": {
        "froala-editor": "^4.0.18"
      }
    },
    "node_modules/froala-editor": {
      "version": "4.0.18",
      "resolved": "https://registry.npmjs.org/froala-editor/-/froala-editor-4.0.18.tgz",
      "integrity": "sha512-FLTe9OrgFgEe1x+lOwl2tmJxPPyW6HgMLh5A0C/x6TQlziixjp6P8kMLjyG3wv4ve8hgWm+iCxfAbnd1KxvDZA=="
    }
  },
  "dependencies": {
    "froala-editor": {
      "version": "4.0.18",
      "resolved": "https://registry.npmjs.org/froala-editor/-/froala-editor-4.0.18.tgz",
      "integrity": "sha512-FLTe9OrgFgEe1x+lOwl2tmJxPPyW6HgMLh5A0C/x6TQlziixjp6P8kMLjyG3wv4ve8hgWm+iCxfAbnd1KxvDZA=="
    }
  }
}
